
Microsoft Visual Studio Solution File, Format Version 12.00
# Visual Studio Version 17
VisualStudioVersion = 17.11.35327.3
MinimumVisualStudioVersion = 10.0.40219.1
Project("{FAE04EC0-301F-11D3-BF4B-00C04F79EFBC}") = "CCAD16_Assignment1_2_1", "CCAD16_Assignment1_2_1.csproj", "{94F0ABF9-D3F6-4437-A6D3-D28C3D67F701}"
EndProject
Global
	GlobalSection(SolutionConfigurationPlatforms) = preSolution
		Debug|Any CPU = Debug|Any CPU
		Release|Any CPU = Release|Any CPU
	EndGlobalSection
	GlobalSection(ProjectConfigurationPlatforms) = postSolution
		{94F0ABF9-D3F6-4437-A6D3-D28C3D67F701}.Debug|Any CPU.ActiveCfg = Debug|Any CPU
		{94F0ABF9-D3F6-4437-A6D3-D28C3D67F701}.Debug|Any CPU.Build.0 = Debug|Any CPU
		{94F0ABF9-D3F6-4437-A6D3-D28C3D67F701}.Release|Any CPU.ActiveCfg = Release|Any CPU
		{94F0ABF9-D3F6-4437-A6D3-D28C3D67F701}.Release|Any CPU.Build.0 = Release|Any CPU
	EndGlobalSection
	GlobalSection(SolutionProperties) = preSolution
		HideSolutionNode = FALSE
	EndGlobalSection
	GlobalSection(ExtensibilityGlobals) = postSolution
		SolutionGuid = {8D4D9C63-630C-4494-B8AF-C67B274D905D}
	EndGlobalSection
EndGlobal
